
Microsoft Visual Studio Solution File, Format Version 12.00
# Visual Studio Version 16
VisualStudioVersion = 16.0.31702.278
MinimumVisualStudioVersion = 10.0.40219.1
Project("{8BC9CEB8-8B4A-11D0-8D11-00A0C91BC942}") = "Project1", "Project1\Project1.vcxproj", "{425C96E7-37F7-4FD8-9A3E-53A710B6BE7C}"
EndProject
Project("{8BC9CEB8-8B4A-11D0-8D11-00A0C91BC942}") = "Project2", "Project2\Project2.vcxproj", "{4CEC5138-FC65-44F4-B7E6-EADD0DE98F1C}"
EndProject
Project("{8BC9CEB8-8B4A-11D0-8D11-00A0C91BC942}") = "Project3", "Project3\Project3.vcxproj", "{EC0EF1E5-BC7B-464B-A7C6-0C3BAEC5DE49}"
EndProject
Project("{8BC9CEB8-8B4A-11D0-8D11-00A0C91BC942}") = "Project4", "Project4\Project4.vcxproj", "{927C2AD7-F497-41C8-99FE-05D9A1B895FB}"
EndProject
Project("{8BC9CEB8-8B4A-11D0-8D11-00A0C91BC942}") = "Project5", "Project5\Project5.vcxproj", "{970BC9C2-B2FE-4D26-9BBA-9ACFE69030D0}"
EndProject
Project("{8BC9CEB8-8B4A-11D0-8D11-00A0C91BC942}") = "Project6", "Project6\Project6.vcxproj", "{DF177B30-9829-4215-B188-D095A5FA117A}"
EndProject
Project("{8BC9CEB8-8B4A-11D0-8D11-00A0C91BC942}") = "Project7", "Project7\Project7.vcxproj", "{0C6041AC-DC47-4291-95CC-3C4CCFBFFF3B}"
EndProject
Project("{8BC9CEB8-8B4A-11D0-8D11-00A0C91BC942}") = "Project8", "Project8\Project8.vcxproj", "{6ABFF85C-554F-4BBB-B537-4FB775BFB822}"
EndProject
Project("{8BC9CEB8-8B4A-11D0-8D11-00A0C91BC942}") = "Project9", "Project9\Project9.vcxproj", "{44071A56-2172-4701-A7BC-9F7E1BC5CD6D}"
EndProject
Project("{8BC9CEB8-8B4A-11D0-8D11-00A0C91BC942}") = "Project10", "Project10\Project10.vcxproj", "{7B3C51BF-17CF-4FDC-B933-18B55760D9E5}"
EndProject
Global
	GlobalSection(SolutionConfigurationPlatforms) = preSolution
		Debug|x64 = Debug|x64
		Debug|x86 = Debug|x86
		Release|x64 = Release|x64
		Release|x86 = Release|x86
	EndGlobalSection
	GlobalSection(ProjectConfigurationPlatforms) = postSolution
		{425C96E7-37F7-4FD8-9A3E-53A710B6BE7C}.Debug|x64.ActiveCfg = Debug|x64
		{425C96E7-37F7-4FD8-9A3E-53A710B6BE7C}.Debug|x64.Build.0 = Debug|x64
		{425C96E7-37F7-4FD8-9A3E-53A710B6BE7C}.Debug|x86.ActiveCfg = Debug|Win32
		{425C96E7-37F7-4FD8-9A3E-53A710B6BE7C}.Debug|x86.Build.0 = Debug|Win32
		{425C96E7-37F7-4FD8-9A3E-53A710B6BE7C}.Release|x64.ActiveCfg = Release|x64
		{425C96E7-37F7-4FD8-9A3E-53A710B6BE7C}.Release|x64.Build.0 = Release|x64
		{425C96E7-37F7-4FD8-9A3E-53A710B6BE7C}.Release|x86.ActiveCfg = Release|Win32
		{425C96E7-37F7-4FD8-9A3E-53A710B6BE7C}.Release|x86.Build.0 = Release|Win32
		{4CEC5138-FC65-44F4-B7E6-EADD0DE98F1C}.Debug|x64.ActiveCfg = Debug|x64
		{4CEC5138-FC65-44F4-B7E6-EADD0DE98F1C}.Debug|x64.Build.0 = Debug|x64
		{4CEC5138-FC65-44F4-B7E6-EADD0DE98F1C}.Debug|x86.ActiveCfg = Debug|Win32
		{4CEC5138-FC65-44F4-B7E6-EADD0DE98F1C}.Debug|x86.Build.0 = Debug|Win32
		{4CEC5138-FC65-44F4-B7E6-EADD0DE98F1C}.Release|x64.ActiveCfg = Release|x64
		{4CEC5138-FC65-44F4-B7E6-EADD0DE98F1C}.Release|x64.Build.0 = Release|x64
		{4CEC5138-FC65-44F4-B7E6-EADD0DE98F1C}.Release|x86.ActiveCfg = Release|Win32
		{4CEC5138-FC65-44F4-B7E6-EADD0DE98F1C}.Release|x86.Build.0 = Release|Win32
		{EC0EF1E5-BC7B-464B-A7C6-0C3BAEC5DE49}.Debug|x64.ActiveCfg = Debug|x64
		{EC0EF1E5-BC7B-464B-A7C6-0C3BAEC5DE49}.Debug|x64.Build.0 = Debug|x64
		{EC0EF1E5-BC7B-464B-A7C6-0C3BAEC5DE49}.Debug|x86.ActiveCfg = Debug|Win32
		{EC0EF1E5-BC7B-464B-A7C6-0C3BAEC5DE49}.Debug|x86.Build.0 = Debug|Win32
		{EC0EF1E5-BC7B-464B-A7C6-0C3BAEC5DE49}.Release|x64.ActiveCfg = Release|x64
		{EC0EF1E5-BC7B-464B-A7C6-0C3BAEC5DE49}.Release|x64.Build.0 = Release|x64
		{EC0EF1E5-BC7B-464B-A7C6-0C3BAEC5DE49}.Release|x86.ActiveCfg = Release|Win32
		{EC0EF1E5-BC7B-464B-A7C6-0C3BAEC5DE49}.Release|x86.Build.0 = Release|Win32
		{927C2AD7-F497-41C8-99FE-05D9A1B895FB}.Debug|x64.ActiveCfg = Debug|x64
		{927C2AD7-F497-41C8-99FE-05D9A1B895FB}.Debug|x64.Build.0 = Debug|x64
		{927C2AD7-F497-41C8-99FE-05D9A1B895FB}.Debug|x86.ActiveCfg = Debug|Win32
		{927C2AD7-F497-41C8-99FE-05D9A1B895FB}.Debug|x86.Build.0 = Debug|Win32
		{927C2AD7-F497-41C8-99FE-05D9A1B895FB}.Release|x64.ActiveCfg = Release|x64
		{927C2AD7-F497-41C8-99FE-05D9A1B895FB}.Release|x64.Build.0 = Release|x64
		{927C2AD7-F497-41C8-99FE-05D9A1B895FB}.Release|x86.ActiveCfg = Release|Win32
		{927C2AD7-F497-41C8-99FE-05D9A1B895FB}.Release|x86.Build.0 = Release|Win32
		{970BC9C2-B2FE-4D26-9BBA-9ACFE69030D0}.Debug|x64.ActiveCfg = Debug|x64
		{970BC9C2-B2FE-4D26-9BBA-9ACFE69030D0}.Debug|x64.Build.0 = Debug|x64
		{970BC9C2-B2FE-4D26-9BBA-9ACFE69030D0}.Debug|x86.ActiveCfg = Debug|Win32
		{970BC9C2-B2FE-4D26-9BBA-9ACFE69030D0}.Debug|x86.Build.0 = Debug|Win32
		{970BC9C2-B2FE-4D26-9BBA-9ACFE69030D0}.Release|x64.ActiveCfg = Release|x64
		{970BC9C2-B2FE-4D26-9BBA-9ACFE69030D0}.Release|x64.Build.0 = Release|x64
		{970BC9C2-B2FE-4D26-9BBA-9ACFE69030D0}.Release|x86.ActiveCfg = Release|Win32
		{970BC9C2-B2FE-4D26-9BBA-9ACFE69030D0}.Release|x86.Build.0 = Release|Win32
		{DF177B30-9829-4215-B188-D095A5FA117A}.Debug|x64.ActiveCfg = Debug|x64
		{DF177B30-9829-4215-B188-D095A5FA117A}.Debug|x64.Build.0 = Debug|x64
		{DF177B30-9829-4215-B188-D095A5FA117A}.Debug|x86.ActiveCfg = Debug|Win32
		{DF177B30-9829-4215-B188-D095A5FA117A}.Debug|x86.Build.0 = Debug|Win32
		{DF177B30-9829-4215-B188-D095A5FA117A}.Release|x64.ActiveCfg = Release|x64
		{DF177B30-9829-4215-B188-D095A5FA117A}.Release|x64.Build.0 = Release|x64
		{DF177B30-9829-4215-B188-D095A5FA117A}.Release|x86.ActiveCfg = Release|Win32
		{DF177B30-9829-4215-B188-D095A5FA117A}.Release|x86.Build.0 = Release|Win32
		{0C6041AC-DC47-4291-95CC-3C4CCFBFFF3B}.Debug|x64.ActiveCfg = Debug|x64
		{0C6041AC-DC47-4291-95CC-3C4CCFBFFF3B}.Debug|x64.Build.0 = Debug|x64
		{0C6041AC-DC47-4291-95CC-3C4CCFBFFF3B}.Debug|x86.ActiveCfg = Debug|Win32
		{0C6041AC-DC47-4291-95CC-3C4CCFBFFF3B}.Debug|x86.Build.0 = Debug|Win32
		{0C6041AC-DC47-4291-95CC-3C4CCFBFFF3B}.Release|x64.ActiveCfg = Release|x64
		{0C6041AC-DC47-4291-95CC-3C4CCFBFFF3B}.Release|x64.Build.0 = Release|x64
		{0C6041AC-DC47-4291-95CC-3C4CCFBFFF3B}.Release|x86.ActiveCfg = Release|Win32
		{0C6041AC-DC47-4291-95CC-3C4CCFBFFF3B}.Release|x86.Build.0 = Release|Win32
		{6ABFF85C-554F-4BBB-B537-4FB775BFB822}.Debug|x64.ActiveCfg = Debug|x64
		{6ABFF85C-554F-4BBB-B537-4FB775BFB822}.Debug|x64.Build.0 = Debug|x64
		{6ABFF85C-554F-4BBB-B537-4FB775BFB822}.Debug|x86.ActiveCfg = Debug|Win32
		{6ABFF85C-554F-4BBB-B537-4FB775BFB822}.Debug|x86.Build.0 = Debug|Win32
		{6ABFF85C-554F-4BBB-B537-4FB775BFB822}.Release|x64.ActiveCfg = Release|x64
		{6ABFF85C-554F-4BBB-B537-4FB775BFB822}.Release|x64.Build.0 = Release|x64
		{6ABFF85C-554F-4BBB-B537-4FB775BFB822}.Release|x86.ActiveCfg = Release|Win32
		{6ABFF85C-554F-4BBB-B537-4FB775BFB822}.Release|x86.Build.0 = Release|Win32
		{44071A56-2172-4701-A7BC-9F7E1BC5CD6D}.Debug|x64.ActiveCfg = Debug|x64
		{44071A56-2172-4701-A7BC-9F7E1BC5CD6D}.Debug|x64.Build.0 = Debug|x64
		{44071A56-2172-4701-A7BC-9F7E1BC5CD6D}.Debug|x86.ActiveCfg = Debug|Win32
		{44071A56-2172-4701-A7BC-9F7E1BC5CD6D}.Debug|x86.Build.0 = Debug|Win32
		{44071A56-2172-4701-A7BC-9F7E1BC5CD6D}.Release|x64.ActiveCfg = Release|x64
		{44071A56-2172-4701-A7BC-9F7E1BC5CD6D}.Release|x64.Build.0 = Release|x64
		{44071A56-2172-4701-A7BC-9F7E1BC5CD6D}.Release|x86.ActiveCfg = Release|Win32
		{44071A56-2172-4701-A7BC-9F7E1BC5CD6D}.Release|x86.Build.0 = Release|Win32
		{7B3C51BF-17CF-4FDC-B933-18B55760D9E5}.Debug|x64.ActiveCfg = Debug|x64
		{7B3C51BF-17CF-4FDC-B933-18B55760D9E5}.Debug|x64.Build.0 = Debug|x64
		{7B3C51BF-17CF-4FDC-B933-18B55760D9E5}.Debug|x86.ActiveCfg = Debug|Win32
		{7B3C51BF-17CF-4FDC-B933-18B55760D9E5}.Debug|x86.Build.0 = Debug|Win32
		{7B3C51BF-17CF-4FDC-B933-18B55760D9E5}.Release|x64.ActiveCfg = Release|x64
		{7B3C51BF-17CF-4FDC-B933-18B55760D9E5}.Release|x64.Build.0 = Release|x64
		{7B3C51BF-17CF-4FDC-B933-18B55760D9E5}.Release|x86.ActiveCfg = Release|Win32
		{7B3C51BF-17CF-4FDC-B933-18B55760D9E5}.Release|x86.Build.0 = Release|Win32
	EndGlobalSection
	GlobalSection(SolutionProperties) = preSolution
		HideSolutionNode = FALSE
	EndGlobalSection
	GlobalSection(ExtensibilityGlobals) = postSolution
		SolutionGuid = {702C32A6-3810-4FE4-9555-AEC5D9CA5F48}
	EndGlobalSection
EndGlobal
