
Microsoft Visual Studio Solution File, Format Version 12.00
# Visual Studio Version 16
VisualStudioVersion = 16.0.31702.278
MinimumVisualStudioVersion = 10.0.40219.1
Project("{8BC9CEB8-8B4A-11D0-8D11-00A0C91BC942}") = "2022.04.24_Homework2", "2022.04.24_Homework2\2022.04.24_Homework2.vcxproj", "{13C0B983-D11B-4E5D-ABD0-69BF26F6E4AD}"
EndProject
Global
	GlobalSection(SolutionConfigurationPlatforms) = preSolution
		Debug|x64 = Debug|x64
		Debug|x86 = Debug|x86
		Release|x64 = Release|x64
		Release|x86 = Release|x86
	EndGlobalSection
	GlobalSection(ProjectConfigurationPlatforms) = postSolution
		{13C0B983-D11B-4E5D-ABD0-69BF26F6E4AD}.Debug|x64.ActiveCfg = Debug|x64
		{13C0B983-D11B-4E5D-ABD0-69BF26F6E4AD}.Debug|x64.Build.0 = Debug|x64
		{13C0B983-D11B-4E5D-ABD0-69BF26F6E4AD}.Debug|x86.ActiveCfg = Debug|Win32
		{13C0B983-D11B-4E5D-ABD0-69BF26F6E4AD}.Debug|x86.Build.0 = Debug|Win32
		{13C0B983-D11B-4E5D-ABD0-69BF26F6E4AD}.Release|x64.ActiveCfg = Release|x64
		{13C0B983-D11B-4E5D-ABD0-69BF26F6E4AD}.Release|x64.Build.0 = Release|x64
		{13C0B983-D11B-4E5D-ABD0-69BF26F6E4AD}.Release|x86.ActiveCfg = Release|Win32
		{13C0B983-D11B-4E5D-ABD0-69BF26F6E4AD}.Release|x86.Build.0 = Release|Win32
	EndGlobalSection
	GlobalSection(SolutionProperties) = preSolution
		HideSolutionNode = FALSE
	EndGlobalSection
	GlobalSection(ExtensibilityGlobals) = postSolution
		SolutionGuid = {3227B2A9-2895-40AF-967E-13F012E67D10}
	EndGlobalSection
EndGlobal
