
Microsoft Visual Studio Solution File, Format Version 12.00
# Visual Studio Version 16
VisualStudioVersion = 16.0.31702.278
MinimumVisualStudioVersion = 10.0.40219.1
Project("{8BC9CEB8-8B4A-11D0-8D11-00A0C91BC942}") = "Task1", "Task1\Task1.vcxproj", "{BD2DDF22-74B4-47CE-B948-33A6EC13590E}"
EndProject
Project("{8BC9CEB8-8B4A-11D0-8D11-00A0C91BC942}") = "Task2", "Task2\Task2.vcxproj", "{5FA3B18D-2350-4AFC-A7D5-A7918D80F314}"
EndProject
Project("{8BC9CEB8-8B4A-11D0-8D11-00A0C91BC942}") = "Task3", "Task3\Task3.vcxproj", "{F5FDD43D-1420-4C4C-8532-83EB63DC3C42}"
EndProject
Project("{8BC9CEB8-8B4A-11D0-8D11-00A0C91BC942}") = "Task4", "Task4\Task4.vcxproj", "{9004FBB4-5935-4E0C-BB66-A65046C703DA}"
EndProject
Project("{8BC9CEB8-8B4A-11D0-8D11-00A0C91BC942}") = "Task5", "Task5\Task5.vcxproj", "{1B52813B-6612-49C5-967C-99C8DA657983}"
EndProject
Project("{8BC9CEB8-8B4A-11D0-8D11-00A0C91BC942}") = "Task6", "Task6\Task6.vcxproj", "{543D24D3-5F32-474F-8992-9BF840663BAF}"
EndProject
Project("{8BC9CEB8-8B4A-11D0-8D11-00A0C91BC942}") = "Task7", "Task7\Task7.vcxproj", "{541E106C-34E7-44C3-9926-41F5A8184CB5}"
EndProject
Project("{8BC9CEB8-8B4A-11D0-8D11-00A0C91BC942}") = "Task8", "Task8\Task8.vcxproj", "{EA7FCD72-FFD8-4128-9D02-F6D7DFA29FC8}"
EndProject
Project("{8BC9CEB8-8B4A-11D0-8D11-00A0C91BC942}") = "Task9", "Task9\Task9.vcxproj", "{8BA8D3D3-8B2A-4A74-87D2-D6A2519EF097}"
EndProject
Global
	GlobalSection(SolutionConfigurationPlatforms) = preSolution
		Debug|x64 = Debug|x64
		Debug|x86 = Debug|x86
		Release|x64 = Release|x64
		Release|x86 = Release|x86
	EndGlobalSection
	GlobalSection(ProjectConfigurationPlatforms) = postSolution
		{BD2DDF22-74B4-47CE-B948-33A6EC13590E}.Debug|x64.ActiveCfg = Debug|x64
		{BD2DDF22-74B4-47CE-B948-33A6EC13590E}.Debug|x64.Build.0 = Debug|x64
		{BD2DDF22-74B4-47CE-B948-33A6EC13590E}.Debug|x86.ActiveCfg = Debug|Win32
		{BD2DDF22-74B4-47CE-B948-33A6EC13590E}.Debug|x86.Build.0 = Debug|Win32
		{BD2DDF22-74B4-47CE-B948-33A6EC13590E}.Release|x64.ActiveCfg = Release|x64
		{BD2DDF22-74B4-47CE-B948-33A6EC13590E}.Release|x64.Build.0 = Release|x64
		{BD2DDF22-74B4-47CE-B948-33A6EC13590E}.Release|x86.ActiveCfg = Release|Win32
		{BD2DDF22-74B4-47CE-B948-33A6EC13590E}.Release|x86.Build.0 = Release|Win32
		{5FA3B18D-2350-4AFC-A7D5-A7918D80F314}.Debug|x64.ActiveCfg = Debug|x64
		{5FA3B18D-2350-4AFC-A7D5-A7918D80F314}.Debug|x64.Build.0 = Debug|x64
		{5FA3B18D-2350-4AFC-A7D5-A7918D80F314}.Debug|x86.ActiveCfg = Debug|Win32
		{5FA3B18D-2350-4AFC-A7D5-A7918D80F314}.Debug|x86.Build.0 = Debug|Win32
		{5FA3B18D-2350-4AFC-A7D5-A7918D80F314}.Release|x64.ActiveCfg = Release|x64
		{5FA3B18D-2350-4AFC-A7D5-A7918D80F314}.Release|x64.Build.0 = Release|x64
		{5FA3B18D-2350-4AFC-A7D5-A7918D80F314}.Release|x86.ActiveCfg = Release|Win32
		{5FA3B18D-2350-4AFC-A7D5-A7918D80F314}.Release|x86.Build.0 = Release|Win32
		{F5FDD43D-1420-4C4C-8532-83EB63DC3C42}.Debug|x64.ActiveCfg = Debug|x64
		{F5FDD43D-1420-4C4C-8532-83EB63DC3C42}.Debug|x64.Build.0 = Debug|x64
		{F5FDD43D-1420-4C4C-8532-83EB63DC3C42}.Debug|x86.ActiveCfg = Debug|Win32
		{F5FDD43D-1420-4C4C-8532-83EB63DC3C42}.Debug|x86.Build.0 = Debug|Win32
		{F5FDD43D-1420-4C4C-8532-83EB63DC3C42}.Release|x64.ActiveCfg = Release|x64
		{F5FDD43D-1420-4C4C-8532-83EB63DC3C42}.Release|x64.Build.0 = Release|x64
		{F5FDD43D-1420-4C4C-8532-83EB63DC3C42}.Release|x86.ActiveCfg = Release|Win32
		{F5FDD43D-1420-4C4C-8532-83EB63DC3C42}.Release|x86.Build.0 = Release|Win32
		{9004FBB4-5935-4E0C-BB66-A65046C703DA}.Debug|x64.ActiveCfg = Debug|x64
		{9004FBB4-5935-4E0C-BB66-A65046C703DA}.Debug|x64.Build.0 = Debug|x64
		{9004FBB4-5935-4E0C-BB66-A65046C703DA}.Debug|x86.ActiveCfg = Debug|Win32
		{9004FBB4-5935-4E0C-BB66-A65046C703DA}.Debug|x86.Build.0 = Debug|Win32
		{9004FBB4-5935-4E0C-BB66-A65046C703DA}.Release|x64.ActiveCfg = Release|x64
		{9004FBB4-5935-4E0C-BB66-A65046C703DA}.Release|x64.Build.0 = Release|x64
		{9004FBB4-5935-4E0C-BB66-A65046C703DA}.Release|x86.ActiveCfg = Release|Win32
		{9004FBB4-5935-4E0C-BB66-A65046C703DA}.Release|x86.Build.0 = Release|Win32
		{1B52813B-6612-49C5-967C-99C8DA657983}.Debug|x64.ActiveCfg = Debug|x64
		{1B52813B-6612-49C5-967C-99C8DA657983}.Debug|x64.Build.0 = Debug|x64
		{1B52813B-6612-49C5-967C-99C8DA657983}.Debug|x86.ActiveCfg = Debug|Win32
		{1B52813B-6612-49C5-967C-99C8DA657983}.Debug|x86.Build.0 = Debug|Win32
		{1B52813B-6612-49C5-967C-99C8DA657983}.Release|x64.ActiveCfg = Release|x64
		{1B52813B-6612-49C5-967C-99C8DA657983}.Release|x64.Build.0 = Release|x64
		{1B52813B-6612-49C5-967C-99C8DA657983}.Release|x86.ActiveCfg = Release|Win32
		{1B52813B-6612-49C5-967C-99C8DA657983}.Release|x86.Build.0 = Release|Win32
		{543D24D3-5F32-474F-8992-9BF840663BAF}.Debug|x64.ActiveCfg = Debug|x64
		{543D24D3-5F32-474F-8992-9BF840663BAF}.Debug|x64.Build.0 = Debug|x64
		{543D24D3-5F32-474F-8992-9BF840663BAF}.Debug|x86.ActiveCfg = Debug|Win32
		{543D24D3-5F32-474F-8992-9BF840663BAF}.Debug|x86.Build.0 = Debug|Win32
		{543D24D3-5F32-474F-8992-9BF840663BAF}.Release|x64.ActiveCfg = Release|x64
		{543D24D3-5F32-474F-8992-9BF840663BAF}.Release|x64.Build.0 = Release|x64
		{543D24D3-5F32-474F-8992-9BF840663BAF}.Release|x86.ActiveCfg = Release|Win32
		{543D24D3-5F32-474F-8992-9BF840663BAF}.Release|x86.Build.0 = Release|Win32
		{541E106C-34E7-44C3-9926-41F5A8184CB5}.Debug|x64.ActiveCfg = Debug|x64
		{541E106C-34E7-44C3-9926-41F5A8184CB5}.Debug|x64.Build.0 = Debug|x64
		{541E106C-34E7-44C3-9926-41F5A8184CB5}.Debug|x86.ActiveCfg = Debug|Win32
		{541E106C-34E7-44C3-9926-41F5A8184CB5}.Debug|x86.Build.0 = Debug|Win32
		{541E106C-34E7-44C3-9926-41F5A8184CB5}.Release|x64.ActiveCfg = Release|x64
		{541E106C-34E7-44C3-9926-41F5A8184CB5}.Release|x64.Build.0 = Release|x64
		{541E106C-34E7-44C3-9926-41F5A8184CB5}.Release|x86.ActiveCfg = Release|Win32
		{541E106C-34E7-44C3-9926-41F5A8184CB5}.Release|x86.Build.0 = Release|Win32
		{EA7FCD72-FFD8-4128-9D02-F6D7DFA29FC8}.Debug|x64.ActiveCfg = Debug|x64
		{EA7FCD72-FFD8-4128-9D02-F6D7DFA29FC8}.Debug|x64.Build.0 = Debug|x64
		{EA7FCD72-FFD8-4128-9D02-F6D7DFA29FC8}.Debug|x86.ActiveCfg = Debug|Win32
		{EA7FCD72-FFD8-4128-9D02-F6D7DFA29FC8}.Debug|x86.Build.0 = Debug|Win32
		{EA7FCD72-FFD8-4128-9D02-F6D7DFA29FC8}.Release|x64.ActiveCfg = Release|x64
		{EA7FCD72-FFD8-4128-9D02-F6D7DFA29FC8}.Release|x64.Build.0 = Release|x64
		{EA7FCD72-FFD8-4128-9D02-F6D7DFA29FC8}.Release|x86.ActiveCfg = Release|Win32
		{EA7FCD72-FFD8-4128-9D02-F6D7DFA29FC8}.Release|x86.Build.0 = Release|Win32
		{8BA8D3D3-8B2A-4A74-87D2-D6A2519EF097}.Debug|x64.ActiveCfg = Debug|x64
		{8BA8D3D3-8B2A-4A74-87D2-D6A2519EF097}.Debug|x64.Build.0 = Debug|x64
		{8BA8D3D3-8B2A-4A74-87D2-D6A2519EF097}.Debug|x86.ActiveCfg = Debug|Win32
		{8BA8D3D3-8B2A-4A74-87D2-D6A2519EF097}.Debug|x86.Build.0 = Debug|Win32
		{8BA8D3D3-8B2A-4A74-87D2-D6A2519EF097}.Release|x64.ActiveCfg = Release|x64
		{8BA8D3D3-8B2A-4A74-87D2-D6A2519EF097}.Release|x64.Build.0 = Release|x64
		{8BA8D3D3-8B2A-4A74-87D2-D6A2519EF097}.Release|x86.ActiveCfg = Release|Win32
		{8BA8D3D3-8B2A-4A74-87D2-D6A2519EF097}.Release|x86.Build.0 = Release|Win32
	EndGlobalSection
	GlobalSection(SolutionProperties) = preSolution
		HideSolutionNode = FALSE
	EndGlobalSection
	GlobalSection(ExtensibilityGlobals) = postSolution
		SolutionGuid = {38A43014-A2D8-4C7A-84CA-E3BA346639A7}
	EndGlobalSection
EndGlobal
