
Microsoft Visual Studio Solution File, Format Version 12.00
# Visual Studio Version 16
VisualStudioVersion = 16.0.31702.278
MinimumVisualStudioVersion = 10.0.40219.1
Project("{8BC9CEB8-8B4A-11D0-8D11-00A0C91BC942}") = "Task2", "Task2\Task2.vcxproj", "{FF763885-4627-47E5-861F-3532145F3AFC}"
EndProject
Project("{8BC9CEB8-8B4A-11D0-8D11-00A0C91BC942}") = "Task3", "Task3\Task3.vcxproj", "{D3E2459A-A181-4AB4-94DE-2803541189FB}"
EndProject
Project("{8BC9CEB8-8B4A-11D0-8D11-00A0C91BC942}") = "Task4", "Task4\Task4.vcxproj", "{736EB399-58F0-4D72-A6A3-95F66C206459}"
EndProject
Project("{8BC9CEB8-8B4A-11D0-8D11-00A0C91BC942}") = "Task5", "Task5\Task5.vcxproj", "{04322608-0013-407C-80D6-31B773F61551}"
EndProject
Project("{8BC9CEB8-8B4A-11D0-8D11-00A0C91BC942}") = "Task1", "Task1\Task1.vcxproj", "{E49172F1-250C-40A2-8D1D-2D9087FCC43B}"
EndProject
Global
	GlobalSection(SolutionConfigurationPlatforms) = preSolution
		Debug|x64 = Debug|x64
		Debug|x86 = Debug|x86
		Release|x64 = Release|x64
		Release|x86 = Release|x86
	EndGlobalSection
	GlobalSection(ProjectConfigurationPlatforms) = postSolution
		{FF763885-4627-47E5-861F-3532145F3AFC}.Debug|x64.ActiveCfg = Debug|x64
		{FF763885-4627-47E5-861F-3532145F3AFC}.Debug|x64.Build.0 = Debug|x64
		{FF763885-4627-47E5-861F-3532145F3AFC}.Debug|x86.ActiveCfg = Debug|Win32
		{FF763885-4627-47E5-861F-3532145F3AFC}.Debug|x86.Build.0 = Debug|Win32
		{FF763885-4627-47E5-861F-3532145F3AFC}.Release|x64.ActiveCfg = Release|x64
		{FF763885-4627-47E5-861F-3532145F3AFC}.Release|x64.Build.0 = Release|x64
		{FF763885-4627-47E5-861F-3532145F3AFC}.Release|x86.ActiveCfg = Release|Win32
		{FF763885-4627-47E5-861F-3532145F3AFC}.Release|x86.Build.0 = Release|Win32
		{D3E2459A-A181-4AB4-94DE-2803541189FB}.Debug|x64.ActiveCfg = Debug|x64
		{D3E2459A-A181-4AB4-94DE-2803541189FB}.Debug|x64.Build.0 = Debug|x64
		{D3E2459A-A181-4AB4-94DE-2803541189FB}.Debug|x86.ActiveCfg = Debug|Win32
		{D3E2459A-A181-4AB4-94DE-2803541189FB}.Debug|x86.Build.0 = Debug|Win32
		{D3E2459A-A181-4AB4-94DE-2803541189FB}.Release|x64.ActiveCfg = Release|x64
		{D3E2459A-A181-4AB4-94DE-2803541189FB}.Release|x64.Build.0 = Release|x64
		{D3E2459A-A181-4AB4-94DE-2803541189FB}.Release|x86.ActiveCfg = Release|Win32
		{D3E2459A-A181-4AB4-94DE-2803541189FB}.Release|x86.Build.0 = Release|Win32
		{736EB399-58F0-4D72-A6A3-95F66C206459}.Debug|x64.ActiveCfg = Debug|x64
		{736EB399-58F0-4D72-A6A3-95F66C206459}.Debug|x64.Build.0 = Debug|x64
		{736EB399-58F0-4D72-A6A3-95F66C206459}.Debug|x86.ActiveCfg = Debug|Win32
		{736EB399-58F0-4D72-A6A3-95F66C206459}.Debug|x86.Build.0 = Debug|Win32
		{736EB399-58F0-4D72-A6A3-95F66C206459}.Release|x64.ActiveCfg = Release|x64
		{736EB399-58F0-4D72-A6A3-95F66C206459}.Release|x64.Build.0 = Release|x64
		{736EB399-58F0-4D72-A6A3-95F66C206459}.Release|x86.ActiveCfg = Release|Win32
		{736EB399-58F0-4D72-A6A3-95F66C206459}.Release|x86.Build.0 = Release|Win32
		{04322608-0013-407C-80D6-31B773F61551}.Debug|x64.ActiveCfg = Debug|x64
		{04322608-0013-407C-80D6-31B773F61551}.Debug|x64.Build.0 = Debug|x64
		{04322608-0013-407C-80D6-31B773F61551}.Debug|x86.ActiveCfg = Debug|Win32
		{04322608-0013-407C-80D6-31B773F61551}.Debug|x86.Build.0 = Debug|Win32
		{04322608-0013-407C-80D6-31B773F61551}.Release|x64.ActiveCfg = Release|x64
		{04322608-0013-407C-80D6-31B773F61551}.Release|x64.Build.0 = Release|x64
		{04322608-0013-407C-80D6-31B773F61551}.Release|x86.ActiveCfg = Release|Win32
		{04322608-0013-407C-80D6-31B773F61551}.Release|x86.Build.0 = Release|Win32
		{E49172F1-250C-40A2-8D1D-2D9087FCC43B}.Debug|x64.ActiveCfg = Debug|x64
		{E49172F1-250C-40A2-8D1D-2D9087FCC43B}.Debug|x64.Build.0 = Debug|x64
		{E49172F1-250C-40A2-8D1D-2D9087FCC43B}.Debug|x86.ActiveCfg = Debug|Win32
		{E49172F1-250C-40A2-8D1D-2D9087FCC43B}.Debug|x86.Build.0 = Debug|Win32
		{E49172F1-250C-40A2-8D1D-2D9087FCC43B}.Release|x64.ActiveCfg = Release|x64
		{E49172F1-250C-40A2-8D1D-2D9087FCC43B}.Release|x64.Build.0 = Release|x64
		{E49172F1-250C-40A2-8D1D-2D9087FCC43B}.Release|x86.ActiveCfg = Release|Win32
		{E49172F1-250C-40A2-8D1D-2D9087FCC43B}.Release|x86.Build.0 = Release|Win32
	EndGlobalSection
	GlobalSection(SolutionProperties) = preSolution
		HideSolutionNode = FALSE
	EndGlobalSection
	GlobalSection(ExtensibilityGlobals) = postSolution
		SolutionGuid = {035490AE-E9F7-4F85-B132-836415A624D9}
	EndGlobalSection
EndGlobal
